lockfileVersion: '6.0'

settings:
  autoInstallPeers: true
  excludeLinksFromLockfile: false

dependencies:
  ds-test:
    specifier: https://github.com/dapphub/ds-test.git#c9ce3f25bde29fc5eb9901842bf02850dfd2d084
    version: github.com/dapphub/ds-test/c9ce3f25bde29fc5eb9901842bf02850dfd2d084
  forge-std:
    specifier: ^1.1.2
    version: 1.1.2

packages:

  /forge-std@1.1.2:
    resolution: {integrity: sha512-Wfb0iAS9PcfjMKtGpWQw9mXzJxrWD62kJCUqqLcyuI0+VRtJ3j20XembjF3kS20qELYdXft1vD/SPFVWVKMFOw==}
    dev: false

  github.com/dapphub/ds-test/c9ce3f25bde29fc5eb9901842bf02850dfd2d084:
    resolution: {tarball: https://codeload.github.com/dapphub/ds-test/tar.gz/c9ce3f25bde29fc5eb9901842bf02850dfd2d084}
    name: ds-test
    version: 1.0.0
    dev: false
